// !$*UTF8*$!
{
	archiveVersion = 1;
	classes = {
	};
	objectVersion = 46;
	objects = {

/* Begin PBXBuildFile section */
		B1AAE3EF14F7B5590064E574 /* CC_XCode.1 in CopyFiles */ = {isa = PBXBuildFile; fileRef = B1AAE3EE14F7B5590064E574 /* CC_XCode.1 */; };
		B1CF900514F7B76900EF3E5A /* cold_christmas.cpp in Sources */ = {isa = PBXBuildFile; fileRef = B1CF900314F7B76900EF3E5A /* cold_christmas.cpp */; };
		B1CF900614F7B76900EF3E5A /* main.cpp in Sources */ = {isa = PBXBuildFile; fileRef = B1CF900414F7B76900EF3E5A /* main.cpp */; };
/* End PBXBuildFile section */

/* Begin PBXCopyFilesBuildPhase section */
		B1AAE3E614F7B5590064E574 /* CopyFiles */ = {
			isa = PBXCopyFilesBuildPhase;
			buildActionMask = 2147483647;
			dstPath = /usr/share/man/man1/;
			dstSubfolderSpec = 0;
			files = (
				B1AAE3EF14F7B5590064E574 /* CC_XCode.1 in CopyFiles */,
			);
			runOnlyForDeploymentPostprocessing = 1;
		};
/* End PBXCopyFilesBuildPhase section */

/* Begin PBXFileReference section */
		B1AAE3E814F7B5590064E574 /* CC XCode */ = {isa = PBXFileReference; explicitFileType = "compiled.mach-o.executable"; includeInIndex = 0; path = "CC XCode"; sourceTree = BUILT_PRODUCTS_DIR; };
		B1AAE3EE14F7B5590064E574 /* CC_XCode.1 */ = {isa = PBXFileReference; lastKnownFileType = text.man; path = CC_XCode.1; sourceTree = "<group>"; };
		B1CF900314F7B76900EF3E5A /* cold_christmas.cpp */ = {isa = PBXFileReference; fileEncoding = 4; lastKnownFileType = sourcecode.cpp.cpp; path = cold_christmas.cpp; sourceTree = SOURCE_ROOT; };
		B1CF900414F7B76900EF3E5A /* main.cpp */ = {isa = PBXFileReference; fileEncoding = 4; lastKnownFileType = sourcecode.cpp.cpp; path = main.cpp; sourceTree = SOURCE_ROOT; };
/* End PBXFileReference section */

/* Begin PBXFrameworksBuildPhase section */
		B1AAE3E514F7B5590064E574 /* Frameworks */ = {
			isa = PBXFrameworksBuildPhase;
			buildActionMask = 2147483647;
			files = (
			);
			runOnlyForDeploymentPostprocessing = 0;
		};
/* End PBXFrameworksBuildPhase section */

/* Begin PBXGroup section */
		B1AAE3DD14F7B5580064E574 = {
			isa = PBXGroup;
			children = (
				B1AAE3EB14F7B5590064E574 /* CC XCode */,
				B1AAE3E914F7B5590064E574 /* Products */,
			);
			sourceTree = "<group>";
		};
		B1AAE3E914F7B5590064E574 /* Products */ = {
			isa = PBXGroup;
			children = (
				B1AAE3E814F7B5590064E574 /* CC XCode */,
			);
			name = Products;
			sourceTree = "<group>";
		};
		B1AAE3EB14F7B5590064E574 /* CC XCode */ = {
			isa = PBXGroup;
			children = (
				B1CF900314F7B76900EF3E5A /* cold_christmas.cpp */,
				B1CF900414F7B76900EF3E5A /* main.cpp */,
				B1AAE3EE14F7B5590064E574 /* CC_XCode.1 */,
			);
			path = "CC XCode";
			sourceTree = "<group>";
		};
/* End PBXGroup section */

/* Begin PBXNativeTarget section */
		B1AAE3E714F7B5590064E574 /* CC XCode */ = {
			isa = PBXNativeTarget;
			buildConfigurationList = B1AAE3F214F7B5590064E574 /* Build configuration list for PBXNativeTarget "CC XCode" */;
			buildPhases = (
				B1AAE3E414F7B5590064E574 /* Sources */,
				B1AAE3E514F7B5590064E574 /* Frameworks */,
				B1AAE3E614F7B5590064E574 /* CopyFiles */,
			);
			buildRules = (
			);
			dependencies = (
			);
			name = "CC XCode";
			productName = "CC XCode";
			productReference = B1AAE3E814F7B5590064E574 /* CC XCode */;
			productType = "com.apple.product-type.tool";
		};
/* End PBXNativeTarget section */

/* Begin PBXProject section */
		B1AAE3DF14F7B5580064E574 /* Project object */ = {
			isa = PBXProject;
			attributes = {
				ORGANIZATIONNAME = "연세대학교";
			};
			buildConfigurationList = B1AAE3E214F7B5580064E574 /* Build configuration list for PBXProject "CC XCode" */;
			compatibilityVersion = "Xcode 3.2";
			developmentRegion = English;
			hasScannedForEncodings = 0;
			knownRegions = (
				en,
			);
			mainGroup = B1AAE3DD14F7B5580064E574;
			productRefGroup = B1AAE3E914F7B5590064E574 /* Products */;
			projectDirPath = "";
			projectRoot = "";
			targets = (
				B1AAE3E714F7B5590064E574 /* CC XCode */,
			);
		};
/* End PBXProject section */

/* Begin PBXSourcesBuildPhase section */
		B1AAE3E414F7B5590064E574 /* Sources */ = {
			isa = PBXSourcesBuildPhase;
			buildActionMask = 2147483647;
			files = (
				B1CF900514F7B76900EF3E5A /* cold_christmas.cpp in Sources */,
				B1CF900614F7B76900EF3E5A /* main.cpp in Sources */,
			);
			runOnlyForDeploymentPostprocessing = 0;
		};
/* End PBXSourcesBuildPhase section */

/* Begin XCBuildConfiguration section */
		B1AAE3F014F7B5590064E574 /* Debug */ = {
			isa = XCBuildConfiguration;
			buildSettings = {
				ALWAYS_SEARCH_USER_PATHS = NO;
				ARCHS = "$(ARCHS_STANDARD_32_64_BIT)";
				CLANG_ENABLE_OBJC_ARC = YES;
				COPY_PHASE_STRIP = NO;
				GCC_C_LANGUAGE_STANDARD = gnu99;
				GCC_DYNAMIC_NO_PIC = NO;
				GCC_ENABLE_OBJC_EXCEPTIONS = YES;
				GCC_OPTIMIZATION_LEVEL = 0;
				GCC_PREPROCESSOR_DEFINITIONS = (
					"DEBUG=1",
					"$(inherited)",
				);
				GCC_SYMBOLS_PRIVATE_EXTERN = NO;
				GCC_VERSION = com.apple.compilers.llvm.clang.1_0;
				GCC_WARN_64_TO_32_BIT_CONVERSION = YES;
				GCC_WARN_ABOUT_MISSING_PROTOTYPES = YES;
				GCC_WARN_ABOUT_RETURN_TYPE = YES;
				GCC_WARN_UNUSED_VARIABLE = YES;
				MACOSX_DEPLOYMENT_TARGET = 10.7;
				ONLY_ACTIVE_ARCH = YES;
				SDKROOT = macosx;
			};
			name = Debug;
		};
		B1AAE3F114F7B5590064E574 /* Release */ = {
			isa = XCBuildConfiguration;
			buildSettings = {
				ALWAYS_SEARCH_USER_PATHS = NO;
				ARCHS = "$(ARCHS_STANDARD_32_64_BIT)";
				CLANG_ENABLE_OBJC_ARC = YES;
				COPY_PHASE_STRIP = YES;
				DEBUG_INFORMATION_FORMAT = "dwarf-with-dsym";
				GCC_C_LANGUAGE_STANDARD = gnu99;
				GCC_ENABLE_OBJC_EXCEPTIONS = YES;
				GCC_VERSION = com.apple.compilers.llvm.clang.1_0;
				GCC_WARN_64_TO_32_BIT_CONVERSION = YES;
				GCC_WARN_ABOUT_MISSING_PROTOTYPES = YES;
				GCC_WARN_ABOUT_RETURN_TYPE = YES;
				GCC_WARN_UNUSED_VARIABLE = YES;
				MACOSX_DEPLOYMENT_TARGET = 10.7;
				SDKROOT = macosx;
			};
			name = Release;
		};
		B1AAE3F314F7B5590064E574 /* Debug */ = {
			isa = XCBuildConfiguration;
			buildSettings = {
				PRODUCT_NAME = "$(TARGET_NAME)";
			};
			name = Debug;
		};
		B1AAE3F414F7B5590064E574 /* Release */ = {
			isa = XCBuildConfiguration;
			buildSettings = {
				PRODUCT_NAME = "$(TARGET_NAME)";
			};
			name = Release;
		};
/* End XCBuildConfiguration section */

/* Begin XCConfigurationList section */
		B1AAE3E214F7B5580064E574 /* Build configuration list for PBXProject "CC XCode" */ = {
			isa = XCConfigurationList;
			buildConfigurations = (
				B1AAE3F014F7B5590064E574 /* Debug */,
				B1AAE3F114F7B5590064E574 /* Release */,
			);
			defaultConfigurationIsVisible = 0;
			defaultConfigurationName = Release;
		};
		B1AAE3F214F7B5590064E574 /* Build configuration list for PBXNativeTarget "CC XCode" */ = {
			isa = XCConfigurationList;
			buildConfigurations = (
				B1AAE3F314F7B5590064E574 /* Debug */,
				B1AAE3F414F7B5590064E574 /* Release */,
			);
			defaultConfigurationIsVisible = 0;
			defaultConfigurationName = Release;
		};
/* End XCConfigurationList section */
	};
	rootObject = B1AAE3DF14F7B5580064E574 /* Project object */;
}
